
Microsoft Visual Studio Solution File, Format Version 12.00
# Visual Studio Version 16
VisualStudioVersion = 16.0.31624.102
MinimumVisualStudioVersion = 10.0.40219.1
Project("{FAE04EC0-301F-11D3-BF4B-00C04F79EFBC}") = "LabWork_2", "WindowsFormsApp2\LabWork_2.csproj", "{6EC29A19-EC62-4F28-9F3B-9F45B461534B}"
EndProject
Global
	GlobalSection(SolutionConfigurationPlatforms) = preSolution
		Debug|Any CPU = Debug|Any CPU
		Release|Any CPU = Release|Any CPU
	EndGlobalSection
	GlobalSection(ProjectConfigurationPlatforms) = postSolution
		{6EC29A19-EC62-4F28-9F3B-9F45B461534B}.Debug|Any CPU.ActiveCfg = Debug|Any CPU
		{6EC29A19-EC62-4F28-9F3B-9F45B461534B}.Debug|Any CPU.Build.0 = Debug|Any CPU
		{6EC29A19-EC62-4F28-9F3B-9F45B461534B}.Release|Any CPU.ActiveCfg = Release|Any CPU
		{6EC29A19-EC62-4F28-9F3B-9F45B461534B}.Release|Any CPU.Build.0 = Release|Any CPU
	EndGlobalSection
	GlobalSection(SolutionProperties) = preSolution
		HideSolutionNode = FALSE
	EndGlobalSection
	GlobalSection(ExtensibilityGlobals) = postSolution
		SolutionGuid = {0C02DA8C-42EF-4E3E-87C9-3A6AD2246B58}
	EndGlobalSection
EndGlobal
